// !$*UTF8*$!
{
	archiveVersion = 1;
	classes = {
	};
	objectVersion = 56;
	objects = {

/* Begin PBXBuildFile section */
		56A5184129125D1A00CC0C3B /* PracticeApp.swift in Sources */ = {isa = PBXBuildFile; fileRef = 56A5184029125D1A00CC0C3B /* PracticeApp.swift */; };
		56A5184329125D1A00CC0C3B /* ContentView.swift in Sources */ = {isa = PBXBuildFile; fileRef = 56A5184229125D1A00CC0C3B /* ContentView.swift */; };
		56A5184529125D1B00CC0C3B /* Assets.xcassets in Resources */ = {isa = PBXBuildFile; fileRef = 56A5184429125D1B00CC0C3B /* Assets.xcassets */; };
		56A5184829125D1B00CC0C3B /* Preview Assets.xcassets in Resources */ = {isa = PBXBuildFile; fileRef = 56A5184729125D1B00CC0C3B /* Preview Assets.xcassets */; };
		56A5185229125D1C00CC0C3B /* PracticeTests.swift in Sources */ = {isa = PBXBuildFile; fileRef = 56A5185129125D1C00CC0C3B /* PracticeTests.swift */; };
		56A5185C29125D1C00CC0C3B /* PracticeUITests.swift in Sources */ = {isa = PBXBuildFile; fileRef = 56A5185B29125D1C00CC0C3B /* PracticeUITests.swift */; };
		56A5185E29125D1C00CC0C3B /* PracticeUITestsLaunchTests.swift in Sources */ = {isa = PBXBuildFile; fileRef = 56A5185D29125D1C00CC0C3B /* PracticeUITestsLaunchTests.swift */; };
		56A6FC8D291496390021A3B8 /* Profile.swift in Sources */ = {isa = PBXBuildFile; fileRef = 56A6FC8C291496390021A3B8 /* Profile.swift */; };
		56A6FC8F291499C10021A3B8 /* ProfileHost.swift in Sources */ = {isa = PBXBuildFile; fileRef = 56A6FC8E291499C10021A3B8 /* ProfileHost.swift */; };
		56A6FC9129149A6D0021A3B8 /* ProfileSummary.swift in Sources */ = {isa = PBXBuildFile; fileRef = 56A6FC9029149A6D0021A3B8 /* ProfileSummary.swift */; };
		56A6FC932914A26D0021A3B8 /* HikeBadge.swift in Sources */ = {isa = PBXBuildFile; fileRef = 56A6FC922914A26D0021A3B8 /* HikeBadge.swift */; };
		56A6FC952914AA100021A3B8 /* ProfileEditor.swift in Sources */ = {isa = PBXBuildFile; fileRef = 56A6FC942914AA100021A3B8 /* ProfileEditor.swift */; };
		56A6FC982914AEFA0021A3B8 /* PageViewController.swift in Sources */ = {isa = PBXBuildFile; fileRef = 56A6FC972914AEFA0021A3B8 /* PageViewController.swift */; };
		56A6FC9A2914B04B0021A3B8 /* FeatureCard.swift in Sources */ = {isa = PBXBuildFile; fileRef = 56A6FC992914B04B0021A3B8 /* FeatureCard.swift */; };
		56A6FC9C2914B8330021A3B8 /* PageView.swift in Sources */ = {isa = PBXBuildFile; fileRef = 56A6FC9B2914B8330021A3B8 /* PageView.swift */; };
		56A6FC9E2914CCA20021A3B8 /* PageControl.swift in Sources */ = {isa = PBXBuildFile; fileRef = 56A6FC9D2914CCA20021A3B8 /* PageControl.swift */; };
		56B038DF2913579F00BF8905 /* CircleView.swift in Sources */ = {isa = PBXBuildFile; fileRef = 56B038DE2913579F00BF8905 /* CircleView.swift */; };
		56B038E12913590000BF8905 /* MapView.swift in Sources */ = {isa = PBXBuildFile; fileRef = 56B038E02913590000BF8905 /* MapView.swift */; };
		56B038E42913651D00BF8905 /* Mark.swift in Sources */ = {isa = PBXBuildFile; fileRef = 56B038E32913651D00BF8905 /* Mark.swift */; };
		56B038E62913668100BF8905 /* ModelData.swift in Sources */ = {isa = PBXBuildFile; fileRef = 56B038E52913668100BF8905 /* ModelData.swift */; };
		56B038E829137B8800BF8905 /* MarkList.swift in Sources */ = {isa = PBXBuildFile; fileRef = 56B038E729137B8800BF8905 /* MarkList.swift */; };
		56B038EC29137DE300BF8905 /* Mark.json in Resources */ = {isa = PBXBuildFile; fileRef = 56B038EB29137DE300BF8905 /* Mark.json */; };
		56B038EE2913865500BF8905 /* ListView.swift in Sources */ = {isa = PBXBuildFile; fileRef = 56B038ED2913865500BF8905 /* ListView.swift */; };
		56B038F0291387D900BF8905 /* MarkDetail.swift in Sources */ = {isa = PBXBuildFile; fileRef = 56B038EF291387D900BF8905 /* MarkDetail.swift */; };
		56B038F2291389CA00BF8905 /* Content.swift in Sources */ = {isa = PBXBuildFile; fileRef = 56B038F1291389CA00BF8905 /* Content.swift */; };
		56B038F42913930A00BF8905 /* MarkApp.swift in Sources */ = {isa = PBXBuildFile; fileRef = 56B038F32913930A00BF8905 /* MarkApp.swift */; };
		56B038F62913947C00BF8905 /* FavoriteButton.swift in Sources */ = {isa = PBXBuildFile; fileRef = 56B038F52913947C00BF8905 /* FavoriteButton.swift */; };
		56B038F92913A16500BF8905 /* HexagonParmeters.swift in Sources */ = {isa = PBXBuildFile; fileRef = 56B038F82913A16500BF8905 /* HexagonParmeters.swift */; };
		56B038FB2913A30900BF8905 /* BadgeBackground.swift in Sources */ = {isa = PBXBuildFile; fileRef = 56B038FA2913A30900BF8905 /* BadgeBackground.swift */; };
		56B038FD2913A98500BF8905 /* BadgeSymbol.swift in Sources */ = {isa = PBXBuildFile; fileRef = 56B038FC2913A98500BF8905 /* BadgeSymbol.swift */; };
		56B038FF2913ABAD00BF8905 /* RotatedBadgeSymbol.swift in Sources */ = {isa = PBXBuildFile; fileRef = 56B038FE2913ABAD00BF8905 /* RotatedBadgeSymbol.swift */; };
		56B039012913ABF800BF8905 /* Badge.swift in Sources */ = {isa = PBXBuildFile; fileRef = 56B039002913ABF800BF8905 /* Badge.swift */; };
		56B039042913AD8F00BF8905 /* Hike.swift in Sources */ = {isa = PBXBuildFile; fileRef = 56B039032913AD8F00BF8905 /* Hike.swift */; };
		56B039062913AE9800BF8905 /* Hike.json in Resources */ = {isa = PBXBuildFile; fileRef = 56B039052913AE9800BF8905 /* Hike.json */; };
		56B0390D2913B03E00BF8905 /* GraphCapsule.swift in Sources */ = {isa = PBXBuildFile; fileRef = 56B039092913B03E00BF8905 /* GraphCapsule.swift */; };
		56B0390E2913B03E00BF8905 /* HikeDetail.swift in Sources */ = {isa = PBXBuildFile; fileRef = 56B0390A2913B03E00BF8905 /* HikeDetail.swift */; };
		56B0390F2913B03E00BF8905 /* HikeGraph.swift in Sources */ = {isa = PBXBuildFile; fileRef = 56B0390B2913B03E00BF8905 /* HikeGraph.swift */; };
		56B039102913B03E00BF8905 /* HikeView.swift in Sources */ = {isa = PBXBuildFile; fileRef = 56B0390C2913B03E00BF8905 /* HikeView.swift */; };
		56B039132913B31200BF8905 /* CategoryHome.swift in Sources */ = {isa = PBXBuildFile; fileRef = 56B039122913B31200BF8905 /* CategoryHome.swift */; };
		56B039152913B50400BF8905 /* CategoryRow.swift in Sources */ = {isa = PBXBuildFile; fileRef = 56B039142913B50400BF8905 /* CategoryRow.swift */; };
		56B039172913B74C00BF8905 /* CategoryItem.swift in Sources */ = {isa = PBXBuildFile; fileRef = 56B039162913B74C00BF8905 /* CategoryItem.swift */; };
		56B039192913B93F00BF8905 /* CategoryContentView.swift in Sources */ = {isa = PBXBuildFile; fileRef = 56B039182913B93F00BF8905 /* CategoryContentView.swift */; };
/* End PBXBuildFile section */

/* Begin PBXContainerItemProxy section */
		56A5184E29125D1C00CC0C3B /* PBXContainerItemProxy */ = {
			isa = PBXContainerItemProxy;
			containerPortal = 56A5183529125D1A00CC0C3B /* Project object */;
			proxyType = 1;
			remoteGlobalIDString = 56A5183C29125D1A00CC0C3B;
			remoteInfo = Practice;
		};
		56A5185829125D1C00CC0C3B /* PBXContainerItemProxy */ = {
			isa = PBXContainerItemProxy;
			containerPortal = 56A5183529125D1A00CC0C3B /* Project object */;
			proxyType = 1;
			remoteGlobalIDString = 56A5183C29125D1A00CC0C3B;
			remoteInfo = Practice;
		};
/* End PBXContainerItemProxy section */

/* Begin PBXFileReference section */
		56A5183D29125D1A00CC0C3B /* Practice.app */ = {isa = PBXFileReference; explicitFileType = wrapper.application; includeInIndex = 0; path = Practice.app; sourceTree = BUILT_PRODUCTS_DIR; };
		56A5184029125D1A00CC0C3B /* PracticeApp.swift */ = {isa = PBXFileReference; lastKnownFileType = sourcecode.swift; path = PracticeApp.swift; sourceTree = "<group>"; };
		56A5184229125D1A00CC0C3B /* ContentView.swift */ = {isa = PBXFileReference; lastKnownFileType = sourcecode.swift; path = ContentView.swift; sourceTree = "<group>"; };
		56A5184429125D1B00CC0C3B /* Assets.xcassets */ = {isa = PBXFileReference; lastKnownFileType = folder.assetcatalog; path = Assets.xcassets; sourceTree = "<group>"; };
		56A5184729125D1B00CC0C3B /* Preview Assets.xcassets */ = {isa = PBXFileReference; lastKnownFileType = folder.assetcatalog; path = "Preview Assets.xcassets"; sourceTree = "<group>"; };
		56A5184D29125D1C00CC0C3B /* PracticeTests.xctest */ = {isa = PBXFileReference; explicitFileType = wrapper.cfbundle; includeInIndex = 0; path = PracticeTests.xctest; sourceTree = BUILT_PRODUCTS_DIR; };
		56A5185129125D1C00CC0C3B /* PracticeTests.swift */ = {isa = PBXFileReference; lastKnownFileType = sourcecode.swift; path = PracticeTests.swift; sourceTree = "<group>"; };
		56A5185729125D1C00CC0C3B /* PracticeUITests.xctest */ = {isa = PBXFileReference; explicitFileType = wrapper.cfbundle; includeInIndex = 0; path = PracticeUITests.xctest; sourceTree = BUILT_PRODUCTS_DIR; };
		56A5185B29125D1C00CC0C3B /* PracticeUITests.swift */ = {isa = PBXFileReference; lastKnownFileType = sourcecode.swift; path = PracticeUITests.swift; sourceTree = "<group>"; };
		56A5185D29125D1C00CC0C3B /* PracticeUITestsLaunchTests.swift */ = {isa = PBXFileReference; lastKnownFileType = sourcecode.swift; path = PracticeUITestsLaunchTests.swift; sourceTree = "<group>"; };
		56A6FC8C291496390021A3B8 /* Profile.swift */ = {isa = PBXFileReference; lastKnownFileType = sourcecode.swift; path = Profile.swift; sourceTree = "<group>"; };
		56A6FC8E291499C10021A3B8 /* ProfileHost.swift */ = {isa = PBXFileReference; lastKnownFileType = sourcecode.swift; path = ProfileHost.swift; sourceTree = "<group>"; };
		56A6FC9029149A6D0021A3B8 /* ProfileSummary.swift */ = {isa = PBXFileReference; lastKnownFileType = sourcecode.swift; path = ProfileSummary.swift; sourceTree = "<group>"; };
		56A6FC922914A26D0021A3B8 /* HikeBadge.swift */ = {isa = PBXFileReference; lastKnownFileType = sourcecode.swift; path = HikeBadge.swift; sourceTree = "<group>"; };
		56A6FC942914AA100021A3B8 /* ProfileEditor.swift */ = {isa = PBXFileReference; lastKnownFileType = sourcecode.swift; path = ProfileEditor.swift; sourceTree = "<group>"; };
		56A6FC972914AEFA0021A3B8 /* PageViewController.swift */ = {isa = PBXFileReference; lastKnownFileType = sourcecode.swift; path = PageViewController.swift; sourceTree = "<group>"; };
		56A6FC992914B04B0021A3B8 /* FeatureCard.swift */ = {isa = PBXFileReference; lastKnownFileType = sourcecode.swift; path = FeatureCard.swift; sourceTree = "<group>"; };
		56A6FC9B2914B8330021A3B8 /* PageView.swift */ = {isa = PBXFileReference; lastKnownFileType = sourcecode.swift; path = PageView.swift; sourceTree = "<group>"; };
		56A6FC9D2914CCA20021A3B8 /* PageControl.swift */ = {isa = PBXFileReference; lastKnownFileType = sourcecode.swift; path = PageControl.swift; sourceTree = "<group>"; };
		56B038DE2913579F00BF8905 /* CircleView.swift */ = {isa = PBXFileReference; lastKnownFileType = sourcecode.swift; path = CircleView.swift; sourceTree = "<group>"; };
		56B038E02913590000BF8905 /* MapView.swift */ = {isa = PBXFileReference; lastKnownFileType = sourcecode.swift; path = MapView.swift; sourceTree = "<group>"; };
		56B038E32913651D00BF8905 /* Mark.swift */ = {isa = PBXFileReference; lastKnownFileType = sourcecode.swift; path = Mark.swift; sourceTree = "<group>"; };
		56B038E52913668100BF8905 /* ModelData.swift */ = {isa = PBXFileReference; lastKnownFileType = sourcecode.swift; path = ModelData.swift; sourceTree = "<group>"; };
		56B038E729137B8800BF8905 /* MarkList.swift */ = {isa = PBXFileReference; lastKnownFileType = sourcecode.swift; path = MarkList.swift; sourceTree = "<group>"; };
		56B038EB29137DE300BF8905 /* Mark.json */ = {isa = PBXFileReference; lastKnownFileType = text.json; path = Mark.json; sourceTree = "<group>"; };
		56B038ED2913865500BF8905 /* ListView.swift */ = {isa = PBXFileReference; lastKnownFileType = sourcecode.swift; path = ListView.swift; sourceTree = "<group>"; };
		56B038EF291387D900BF8905 /* MarkDetail.swift */ = {isa = PBXFileReference; lastKnownFileType = sourcecode.swift; path = MarkDetail.swift; sourceTree = "<group>"; };
		56B038F1291389CA00BF8905 /* Content.swift */ = {isa = PBXFileReference; lastKnownFileType = sourcecode.swift; path = Content.swift; sourceTree = "<group>"; };
		56B038F32913930A00BF8905 /* MarkApp.swift */ = {isa = PBXFileReference; lastKnownFileType = sourcecode.swift; path = MarkApp.swift; sourceTree = "<group>"; };
		56B038F52913947C00BF8905 /* FavoriteButton.swift */ = {isa = PBXFileReference; lastKnownFileType = sourcecode.swift; path = FavoriteButton.swift; sourceTree = "<group>"; };
		56B038F82913A16500BF8905 /* HexagonParmeters.swift */ = {isa = PBXFileReference; lastKnownFileType = sourcecode.swift; path = HexagonParmeters.swift; sourceTree = "<group>"; };
		56B038FA2913A30900BF8905 /* BadgeBackground.swift */ = {isa = PBXFileReference; lastKnownFileType = sourcecode.swift; path = BadgeBackground.swift; sourceTree = "<group>"; };
		56B038FC2913A98500BF8905 /* BadgeSymbol.swift */ = {isa = PBXFileReference; lastKnownFileType = sourcecode.swift; path = BadgeSymbol.swift; sourceTree = "<group>"; };
		56B038FE2913ABAD00BF8905 /* RotatedBadgeSymbol.swift */ = {isa = PBXFileReference; lastKnownFileType = sourcecode.swift; path = RotatedBadgeSymbol.swift; sourceTree = "<group>"; };
		56B039002913ABF800BF8905 /* Badge.swift */ = {isa = PBXFileReference; lastKnownFileType = sourcecode.swift; path = Badge.swift; sourceTree = "<group>"; };
		56B039032913AD8F00BF8905 /* Hike.swift */ = {isa = PBXFileReference; lastKnownFileType = sourcecode.swift; path = Hike.swift; sourceTree = "<group>"; };
		56B039052913AE9800BF8905 /* Hike.json */ = {isa = PBXFileReference; lastKnownFileType = text.json; path = Hike.json; sourceTree = "<group>"; };
		56B039092913B03E00BF8905 /* GraphCapsule.swift */ = {isa = PBXFileReference; fileEncoding = 4; lastKnownFileType = sourcecode.swift; name = GraphCapsule.swift; path = ../../../../Downloads/Hikes/GraphCapsule.swift; sourceTree = "<group>"; };
		56B0390A2913B03E00BF8905 /* HikeDetail.swift */ = {isa = PBXFileReference; fileEncoding = 4; lastKnownFileType = sourcecode.swift; name = HikeDetail.swift; path = ../../../../Downloads/Hikes/HikeDetail.swift; sourceTree = "<group>"; };
		56B0390B2913B03E00BF8905 /* HikeGraph.swift */ = {isa = PBXFileReference; fileEncoding = 4; lastKnownFileType = sourcecode.swift; name = HikeGraph.swift; path = ../../../../Downloads/Hikes/HikeGraph.swift; sourceTree = "<group>"; };
		56B0390C2913B03E00BF8905 /* HikeView.swift */ = {isa = PBXFileReference; fileEncoding = 4; lastKnownFileType = sourcecode.swift; name = HikeView.swift; path = ../../../../Downloads/Hikes/HikeView.swift; sourceTree = "<group>"; };
		56B039122913B31200BF8905 /* CategoryHome.swift */ = {isa = PBXFileReference; lastKnownFileType = sourcecode.swift; path = CategoryHome.swift; sourceTree = "<group>"; };
		56B039142913B50400BF8905 /* CategoryRow.swift */ = {isa = PBXFileReference; lastKnownFileType = sourcecode.swift; path = CategoryRow.swift; sourceTree = "<group>"; };
		56B039162913B74C00BF8905 /* CategoryItem.swift */ = {isa = PBXFileReference; lastKnownFileType = sourcecode.swift; path = CategoryItem.swift; sourceTree = "<group>"; };
		56B039182913B93F00BF8905 /* CategoryContentView.swift */ = {isa = PBXFileReference; lastKnownFileType = sourcecode.swift; path = CategoryContentView.swift; sourceTree = "<group>"; };
/* End PBXFileReference section */

/* Begin PBXFrameworksBuildPhase section */
		56A5183A29125D1A00CC0C3B /* Frameworks */ = {
			isa = PBXFrameworksBuildPhase;
			buildActionMask = 2147483647;
			files = (
			);
			runOnlyForDeploymentPostprocessing = 0;
		};
		56A5184A29125D1C00CC0C3B /* Frameworks */ = {
			isa = PBXFrameworksBuildPhase;
			buildActionMask = 2147483647;
			files = (
			);
			runOnlyForDeploymentPostprocessing = 0;
		};
		56A5185429125D1C00CC0C3B /* Frameworks */ = {
			isa = PBXFrameworksBuildPhase;
			buildActionMask = 2147483647;
			files = (
			);
			runOnlyForDeploymentPostprocessing = 0;
		};
/* End PBXFrameworksBuildPhase section */

/* Begin PBXGroup section */
		56A5183429125D1A00CC0C3B = {
			isa = PBXGroup;
			children = (
				56A5183F29125D1A00CC0C3B /* Practice */,
				56A5185029125D1C00CC0C3B /* PracticeTests */,
				56A5185A29125D1C00CC0C3B /* PracticeUITests */,
				56A5183E29125D1A00CC0C3B /* Products */,
			);
			sourceTree = "<group>";
		};
		56A5183E29125D1A00CC0C3B /* Products */ = {
			isa = PBXGroup;
			children = (
				56A5183D29125D1A00CC0C3B /* Practice.app */,
				56A5184D29125D1C00CC0C3B /* PracticeTests.xctest */,
				56A5185729125D1C00CC0C3B /* PracticeUITests.xctest */,
			);
			name = Products;
			sourceTree = "<group>";
		};
		56A5183F29125D1A00CC0C3B /* Practice */ = {
			isa = PBXGroup;
			children = (
				56A5184029125D1A00CC0C3B /* PracticeApp.swift */,
				56A5184229125D1A00CC0C3B /* ContentView.swift */,
				56B038DE2913579F00BF8905 /* CircleView.swift */,
				56B038E02913590000BF8905 /* MapView.swift */,
				56A5184429125D1B00CC0C3B /* Assets.xcassets */,
				56B038E52913668100BF8905 /* ModelData.swift */,
				56B038E2291364F900BF8905 /* List */,
				56B038F72913A14600BF8905 /* DrawingShapes */,
				56B039022913AD7700BF8905 /* Animation&Transitions */,
				56B039112913B2F900BF8905 /* CategoryView */,
				56A6FC8B291496230021A3B8 /* UI Controls */,
				56A6FC962914AEE00021A3B8 /* UI Kits */,
				56A5184629125D1B00CC0C3B /* Preview Content */,
			);
			path = Practice;
			sourceTree = "<group>";
		};
		56A5184629125D1B00CC0C3B /* Preview Content */ = {
			isa = PBXGroup;
			children = (
				56A5184729125D1B00CC0C3B /* Preview Assets.xcassets */,
			);
			path = "Preview Content";
			sourceTree = "<group>";
		};
		56A5185029125D1C00CC0C3B /* PracticeTests */ = {
			isa = PBXGroup;
			children = (
				56A5185129125D1C00CC0C3B /* PracticeTests.swift */,
			);
			path = PracticeTests;
			sourceTree = "<group>";
		};
		56A5185A29125D1C00CC0C3B /* PracticeUITests */ = {
			isa = PBXGroup;
			children = (
				56A5185B29125D1C00CC0C3B /* PracticeUITests.swift */,
				56A5185D29125D1C00CC0C3B /* PracticeUITestsLaunchTests.swift */,
			);
			path = PracticeUITests;
			sourceTree = "<group>";
		};
		56A6FC8B291496230021A3B8 /* UI Controls */ = {
			isa = PBXGroup;
			children = (
				56A6FC8C291496390021A3B8 /* Profile.swift */,
				56A6FC8E291499C10021A3B8 /* ProfileHost.swift */,
				56A6FC9029149A6D0021A3B8 /* ProfileSummary.swift */,
				56A6FC942914AA100021A3B8 /* ProfileEditor.swift */,
				56A6FC922914A26D0021A3B8 /* HikeBadge.swift */,
			);
			path = "UI Controls";
			sourceTree = "<group>";
		};
		56A6FC962914AEE00021A3B8 /* UI Kits */ = {
			isa = PBXGroup;
			children = (
				56A6FC972914AEFA0021A3B8 /* PageViewController.swift */,
				56A6FC992914B04B0021A3B8 /* FeatureCard.swift */,
				56A6FC9B2914B8330021A3B8 /* PageView.swift */,
				56A6FC9D2914CCA20021A3B8 /* PageControl.swift */,
			);
			path = "UI Kits";
			sourceTree = "<group>";
		};
		56B038E2291364F900BF8905 /* List */ = {
			isa = PBXGroup;
			children = (
				56B038E32913651D00BF8905 /* Mark.swift */,
				56B038E729137B8800BF8905 /* MarkList.swift */,
				56B038ED2913865500BF8905 /* ListView.swift */,
				56B038EF291387D900BF8905 /* MarkDetail.swift */,
				56B038F1291389CA00BF8905 /* Content.swift */,
				56B038F32913930A00BF8905 /* MarkApp.swift */,
				56B038F52913947C00BF8905 /* FavoriteButton.swift */,
				56B038EB29137DE300BF8905 /* Mark.json */,
			);
			path = List;
			sourceTree = "<group>";
		};
		56B038F72913A14600BF8905 /* DrawingShapes */ = {
			isa = PBXGroup;
			children = (
				56B038F82913A16500BF8905 /* HexagonParmeters.swift */,
				56B038FA2913A30900BF8905 /* BadgeBackground.swift */,
				56B038FC2913A98500BF8905 /* BadgeSymbol.swift */,
				56B038FE2913ABAD00BF8905 /* RotatedBadgeSymbol.swift */,
				56B039002913ABF800BF8905 /* Badge.swift */,
			);
			path = DrawingShapes;
			sourceTree = "<group>";
		};
		56B039022913AD7700BF8905 /* Animation&Transitions */ = {
			isa = PBXGroup;
			children = (
				56B039032913AD8F00BF8905 /* Hike.swift */,
				56B039092913B03E00BF8905 /* GraphCapsule.swift */,
				56B0390A2913B03E00BF8905 /* HikeDetail.swift */,
				56B0390B2913B03E00BF8905 /* HikeGraph.swift */,
				56B0390C2913B03E00BF8905 /* HikeView.swift */,
				56B039052913AE9800BF8905 /* Hike.json */,
			);
			path = "Animation&Transitions";
			sourceTree = "<group>";
		};
		56B039112913B2F900BF8905 /* CategoryView */ = {
			isa = PBXGroup;
			children = (
				56B039122913B31200BF8905 /* CategoryHome.swift */,
				56B039142913B50400BF8905 /* CategoryRow.swift */,
				56B039162913B74C00BF8905 /* CategoryItem.swift */,
				56B039182913B93F00BF8905 /* CategoryContentView.swift */,
			);
			path = CategoryView;
			sourceTree = "<group>";
		};
/* End PBXGroup section */

/* Begin PBXNativeTarget section */
		56A5183C29125D1A00CC0C3B /* Practice */ = {
			isa = PBXNativeTarget;
			buildConfigurationList = 56A5186129125D1C00CC0C3B /* Build configuration list for PBXNativeTarget "Practice" */;
			buildPhases = (
				56A5183929125D1A00CC0C3B /* Sources */,
				56A5183A29125D1A00CC0C3B /* Frameworks */,
				56A5183B29125D1A00CC0C3B /* Resources */,
			);
			buildRules = (
			);
			dependencies = (
			);
			name = Practice;
			productName = Practice;
			productReference = 56A5183D29125D1A00CC0C3B /* Practice.app */;
			productType = "com.apple.product-type.application";
		};
		56A5184C29125D1C00CC0C3B /* PracticeTests */ = {
			isa = PBXNativeTarget;
			buildConfigurationList = 56A5186429125D1C00CC0C3B /* Build configuration list for PBXNativeTarget "PracticeTests" */;
			buildPhases = (
				56A5184929125D1C00CC0C3B /* Sources */,
				56A5184A29125D1C00CC0C3B /* Frameworks */,
				56A5184B29125D1C00CC0C3B /* Resources */,
			);
			buildRules = (
			);
			dependencies = (
				56A5184F29125D1C00CC0C3B /* PBXTargetDependency */,
			);
			name = PracticeTests;
			productName = PracticeTests;
			productReference = 56A5184D29125D1C00CC0C3B /* PracticeTests.xctest */;
			productType = "com.apple.product-type.bundle.unit-test";
		};
		56A5185629125D1C00CC0C3B /* PracticeUITests */ = {
			isa = PBXNativeTarget;
			buildConfigurationList = 56A5186729125D1C00CC0C3B /* Build configuration list for PBXNativeTarget "PracticeUITests" */;
			buildPhases = (
				56A5185329125D1C00CC0C3B /* Sources */,
				56A5185429125D1C00CC0C3B /* Frameworks */,
				56A5185529125D1C00CC0C3B /* Resources */,
			);
			buildRules = (
			);
			dependencies = (
				56A5185929125D1C00CC0C3B /* PBXTargetDependency */,
			);
			name = PracticeUITests;
			productName = PracticeUITests;
			productReference = 56A5185729125D1C00CC0C3B /* PracticeUITests.xctest */;
			productType = "com.apple.product-type.bundle.ui-testing";
		};
/* End PBXNativeTarget section */

/* Begin PBXProject section */
		56A5183529125D1A00CC0C3B /* Project object */ = {
			isa = PBXProject;
			attributes = {
				BuildIndependentTargetsInParallel = 1;
				LastSwiftUpdateCheck = 1400;
				LastUpgradeCheck = 1400;
				TargetAttributes = {
					56A5183C29125D1A00CC0C3B = {
						CreatedOnToolsVersion = 14.0.1;
					};
					56A5184C29125D1C00CC0C3B = {
						CreatedOnToolsVersion = 14.0.1;
						TestTargetID = 56A5183C29125D1A00CC0C3B;
					};
					56A5185629125D1C00CC0C3B = {
						CreatedOnToolsVersion = 14.0.1;
						TestTargetID = 56A5183C29125D1A00CC0C3B;
					};
				};
			};
			buildConfigurationList = 56A5183829125D1A00CC0C3B /* Build configuration list for PBXProject "Practice" */;
			compatibilityVersion = "Xcode 14.0";
			developmentRegion = en;
			hasScannedForEncodings = 0;
			knownRegions = (
				en,
				Base,
			);
			mainGroup = 56A5183429125D1A00CC0C3B;
			productRefGroup = 56A5183E29125D1A00CC0C3B /* Products */;
			projectDirPath = "";
			projectRoot = "";
			targets = (
				56A5183C29125D1A00CC0C3B /* Practice */,
				56A5184C29125D1C00CC0C3B /* PracticeTests */,
				56A5185629125D1C00CC0C3B /* PracticeUITests */,
			);
		};
/* End PBXProject section */

/* Begin PBXResourcesBuildPhase section */
		56A5183B29125D1A00CC0C3B /* Resources */ = {
			isa = PBXResourcesBuildPhase;
			buildActionMask = 2147483647;
			files = (
				56A5184829125D1B00CC0C3B /* Preview Assets.xcassets in Resources */,
				56B039062913AE9800BF8905 /* Hike.json in Resources */,
				56A5184529125D1B00CC0C3B /* Assets.xcassets in Resources */,
				56B038EC29137DE300BF8905 /* Mark.json in Resources */,
			);
			runOnlyForDeploymentPostprocessing = 0;
		};
		56A5184B29125D1C00CC0C3B /* Resources */ = {
			isa = PBXResourcesBuildPhase;
			buildActionMask = 2147483647;
			files = (
			);
			runOnlyForDeploymentPostprocessing = 0;
		};
		56A5185529125D1C00CC0C3B /* Resources */ = {
			isa = PBXResourcesBuildPhase;
			buildActionMask = 2147483647;
			files = (
			);
			runOnlyForDeploymentPostprocessing = 0;
		};
/* End PBXResourcesBuildPhase section */

/* Begin PBXSourcesBuildPhase section */
		56A5183929125D1A00CC0C3B /* Sources */ = {
			isa = PBXSourcesBuildPhase;
			buildActionMask = 2147483647;
			files = (
				56B0390D2913B03E00BF8905 /* GraphCapsule.swift in Sources */,
				56B0390F2913B03E00BF8905 /* HikeGraph.swift in Sources */,
				56B038EE2913865500BF8905 /* ListView.swift in Sources */,
				56B039012913ABF800BF8905 /* Badge.swift in Sources */,
				56B038DF2913579F00BF8905 /* CircleView.swift in Sources */,
				56B038E12913590000BF8905 /* MapView.swift in Sources */,
				56B038F62913947C00BF8905 /* FavoriteButton.swift in Sources */,
				56A6FC952914AA100021A3B8 /* ProfileEditor.swift in Sources */,
				56B038F2291389CA00BF8905 /* Content.swift in Sources */,
				56B039042913AD8F00BF8905 /* Hike.swift in Sources */,
				56A6FC9A2914B04B0021A3B8 /* FeatureCard.swift in Sources */,
				56A5184329125D1A00CC0C3B /* ContentView.swift in Sources */,
				56A6FC932914A26D0021A3B8 /* HikeBadge.swift in Sources */,
				56B039152913B50400BF8905 /* CategoryRow.swift in Sources */,
				56B038F0291387D900BF8905 /* MarkDetail.swift in Sources */,
				56A6FC9E2914CCA20021A3B8 /* PageControl.swift in Sources */,
				56A6FC9C2914B8330021A3B8 /* PageView.swift in Sources */,
				56B0390E2913B03E00BF8905 /* HikeDetail.swift in Sources */,
				56A6FC982914AEFA0021A3B8 /* PageViewController.swift in Sources */,
				56A5184129125D1A00CC0C3B /* PracticeApp.swift in Sources */,
				56B038FD2913A98500BF8905 /* BadgeSymbol.swift in Sources */,
				56B039102913B03E00BF8905 /* HikeView.swift in Sources */,
				56B038F92913A16500BF8905 /* HexagonParmeters.swift in Sources */,
				56B038FB2913A30900BF8905 /* BadgeBackground.swift in Sources */,
				56B039192913B93F00BF8905 /* CategoryContentView.swift in Sources */,
				56B039172913B74C00BF8905 /* CategoryItem.swift in Sources */,
				56B038E42913651D00BF8905 /* Mark.swift in Sources */,
				56B038E62913668100BF8905 /* ModelData.swift in Sources */,
				56B038F42913930A00BF8905 /* MarkApp.swift in Sources */,
				56A6FC9129149A6D0021A3B8 /* ProfileSummary.swift in Sources */,
				56A6FC8F291499C10021A3B8 /* ProfileHost.swift in Sources */,
				56B038E829137B8800BF8905 /* MarkList.swift in Sources */,
				56B039132913B31200BF8905 /* CategoryHome.swift in Sources */,
				56A6FC8D291496390021A3B8 /* Profile.swift in Sources */,
				56B038FF2913ABAD00BF8905 /* RotatedBadgeSymbol.swift in Sources */,
			);
			runOnlyForDeploymentPostprocessing = 0;
		};
		56A5184929125D1C00CC0C3B /* Sources */ = {
			isa = PBXSourcesBuildPhase;
			buildActionMask = 2147483647;
			files = (
				56A5185229125D1C00CC0C3B /* PracticeTests.swift in Sources */,
			);
			runOnlyForDeploymentPostprocessing = 0;
		};
		56A5185329125D1C00CC0C3B /* Sources */ = {
			isa = PBXSourcesBuildPhase;
			buildActionMask = 2147483647;
			files = (
				56A5185E29125D1C00CC0C3B /* PracticeUITestsLaunchTests.swift in Sources */,
				56A5185C29125D1C00CC0C3B /* PracticeUITests.swift in Sources */,
			);
			runOnlyForDeploymentPostprocessing = 0;
		};
/* End PBXSourcesBuildPhase section */

/* Begin PBXTargetDependency section */
		56A5184F29125D1C00CC0C3B /* PBXTargetDependency */ = {
			isa = PBXTargetDependency;
			target = 56A5183C29125D1A00CC0C3B /* Practice */;
			targetProxy = 56A5184E29125D1C00CC0C3B /* PBXContainerItemProxy */;
		};
		56A5185929125D1C00CC0C3B /* PBXTargetDependency */ = {
			isa = PBXTargetDependency;
			target = 56A5183C29125D1A00CC0C3B /* Practice */;
			targetProxy = 56A5185829125D1C00CC0C3B /* PBXContainerItemProxy */;
		};
/* End PBXTargetDependency section */

/* Begin XCBuildConfiguration section */
		56A5185F29125D1C00CC0C3B /* Debug */ = {
			isa = XCBuildConfiguration;
			buildSettings = {
				ALWAYS_SEARCH_USER_PATHS = NO;
				CLANG_ANALYZER_NONNULL = YES;
				CLANG_ANALYZER_NUMBER_OBJECT_CONVERSION = YES_AGGRESSIVE;
				CLANG_CXX_LANGUAGE_STANDARD = "gnu++20";
				CLANG_ENABLE_MODULES = YES;
				CLANG_ENABLE_OBJC_ARC = YES;
				CLANG_ENABLE_OBJC_WEAK = YES;
				CLANG_WARN_BLOCK_CAPTURE_AUTORELEASING = YES;
				CLANG_WARN_BOOL_CONVERSION = YES;
				CLANG_WARN_COMMA = YES;
				CLANG_WARN_CONSTANT_CONVERSION = YES;
				CLANG_WARN_DEPRECATED_OBJC_IMPLEMENTATIONS = YES;
				CLANG_WARN_DIRECT_OBJC_ISA_USAGE = YES_ERROR;
				CLANG_WARN_DOCUMENTATION_COMMENTS = YES;
				CLANG_WARN_EMPTY_BODY = YES;
				CLANG_WARN_ENUM_CONVERSION = YES;
				CLANG_WARN_INFINITE_RECURSION = YES;
				CLANG_WARN_INT_CONVERSION = YES;
				CLANG_WARN_NON_LITERAL_NULL_CONVERSION = YES;
				CLANG_WARN_OBJC_IMPLICIT_RETAIN_SELF = YES;
				CLANG_WARN_OBJC_LITERAL_CONVERSION = YES;
				CLANG_WARN_OBJC_ROOT_CLASS = YES_ERROR;
				CLANG_WARN_QUOTED_INCLUDE_IN_FRAMEWORK_HEADER = YES;
				CLANG_WARN_RANGE_LOOP_ANALYSIS = YES;
				CLANG_WARN_STRICT_PROTOTYPES = YES;
				CLANG_WARN_SUSPICIOUS_MOVE = YES;
				CLANG_WARN_UNGUARDED_AVAILABILITY = YES_AGGRESSIVE;
				CLANG_WARN_UNREACHABLE_CODE = YES;
				CLANG_WARN__DUPLICATE_METHOD_MATCH = YES;
				COPY_PHASE_STRIP = NO;
				DEBUG_INFORMATION_FORMAT = dwarf;
				ENABLE_STRICT_OBJC_MSGSEND = YES;
				ENABLE_TESTABILITY = YES;
				GCC_C_LANGUAGE_STANDARD = gnu11;
				GCC_DYNAMIC_NO_PIC = NO;
				GCC_NO_COMMON_BLOCKS = YES;
				GCC_OPTIMIZATION_LEVEL = 0;
				GCC_PREPROCESSOR_DEFINITIONS = (
					"DEBUG=1",
					"$(inherited)",
				);
				GCC_WARN_64_TO_32_BIT_CONVERSION = YES;
				GCC_WARN_ABOUT_RETURN_TYPE = YES_ERROR;
				GCC_WARN_UNDECLARED_SELECTOR = YES;
				GCC_WARN_UNINITIALIZED_AUTOS = YES_AGGRESSIVE;
				GCC_WARN_UNUSED_FUNCTION = YES;
				GCC_WARN_UNUSED_VARIABLE = YES;
				IPHONEOS_DEPLOYMENT_TARGET = 16.0;
				MTL_ENABLE_DEBUG_INFO = INCLUDE_SOURCE;
				MTL_FAST_MATH = YES;
				ONLY_ACTIVE_ARCH = YES;
				SDKROOT = iphoneos;
				SWIFT_ACTIVE_COMPILATION_CONDITIONS = DEBUG;
				SWIFT_OPTIMIZATION_LEVEL = "-Onone";
			};
			name = Debug;
		};
		56A5186029125D1C00CC0C3B /* Release */ = {
			isa = XCBuildConfiguration;
			buildSettings = {
				ALWAYS_SEARCH_USER_PATHS = NO;
				CLANG_ANALYZER_NONNULL = YES;
				CLANG_ANALYZER_NUMBER_OBJECT_CONVERSION = YES_AGGRESSIVE;
				CLANG_CXX_LANGUAGE_STANDARD = "gnu++20";
				CLANG_ENABLE_MODULES = YES;
				CLANG_ENABLE_OBJC_ARC = YES;
				CLANG_ENABLE_OBJC_WEAK = YES;
				CLANG_WARN_BLOCK_CAPTURE_AUTORELEASING = YES;
				CLANG_WARN_BOOL_CONVERSION = YES;
				CLANG_WARN_COMMA = YES;
				CLANG_WARN_CONSTANT_CONVERSION = YES;
				CLANG_WARN_DEPRECATED_OBJC_IMPLEMENTATIONS = YES;
				CLANG_WARN_DIRECT_OBJC_ISA_USAGE = YES_ERROR;
				CLANG_WARN_DOCUMENTATION_COMMENTS = YES;
				CLANG_WARN_EMPTY_BODY = YES;
				CLANG_WARN_ENUM_CONVERSION = YES;
				CLANG_WARN_INFINITE_RECURSION = YES;
				CLANG_WARN_INT_CONVERSION = YES;
				CLANG_WARN_NON_LITERAL_NULL_CONVERSION = YES;
				CLANG_WARN_OBJC_IMPLICIT_RETAIN_SELF = YES;
				CLANG_WARN_OBJC_LITERAL_CONVERSION = YES;
				CLANG_WARN_OBJC_ROOT_CLASS = YES_ERROR;
				CLANG_WARN_QUOTED_INCLUDE_IN_FRAMEWORK_HEADER = YES;
				CLANG_WARN_RANGE_LOOP_ANALYSIS = YES;
				CLANG_WARN_STRICT_PROTOTYPES = YES;
				CLANG_WARN_SUSPICIOUS_MOVE = YES;
				CLANG_WARN_UNGUARDED_AVAILABILITY = YES_AGGRESSIVE;
				CLANG_WARN_UNREACHABLE_CODE = YES;
				CLANG_WARN__DUPLICATE_METHOD_MATCH = YES;
				COPY_PHASE_STRIP = NO;
				DEBUG_INFORMATION_FORMAT = "dwarf-with-dsym";
				ENABLE_NS_ASSERTIONS = NO;
				ENABLE_STRICT_OBJC_MSGSEND = YES;
				GCC_C_LANGUAGE_STANDARD = gnu11;
				GCC_NO_COMMON_BLOCKS = YES;
				GCC_WARN_64_TO_32_BIT_CONVERSION = YES;
				GCC_WARN_ABOUT_RETURN_TYPE = YES_ERROR;
				GCC_WARN_UNDECLARED_SELECTOR = YES;
				GCC_WARN_UNINITIALIZED_AUTOS = YES_AGGRESSIVE;
				GCC_WARN_UNUSED_FUNCTION = YES;
				GCC_WARN_UNUSED_VARIABLE = YES;
				IPHONEOS_DEPLOYMENT_TARGET = 16.0;
				MTL_ENABLE_DEBUG_INFO = NO;
				MTL_FAST_MATH = YES;
				SDKROOT = iphoneos;
				SWIFT_COMPILATION_MODE = wholemodule;
				SWIFT_OPTIMIZATION_LEVEL = "-O";
				VALIDATE_PRODUCT = YES;
			};
			name = Release;
		};
		56A5186229125D1C00CC0C3B /* Debug */ = {
			isa = XCBuildConfiguration;
			buildSettings = {
				ASSETCATALOG_COMPILER_APPICON_NAME = AppIcon;
				ASSETCATALOG_COMPILER_GLOBAL_ACCENT_COLOR_NAME = AccentColor;
				CODE_SIGN_IDENTITY = "Apple Development";
				CODE_SIGN_STYLE = Automatic;
				CURRENT_PROJECT_VERSION = 1;
				DEVELOPMENT_ASSET_PATHS = "\"Practice/Preview Content\"";
				DEVELOPMENT_TEAM = V5QC4USNGH;
				ENABLE_PREVIEWS = YES;
				GENERATE_INFOPLIST_FILE = YES;
				INFOPLIST_KEY_UIApplicationSceneManifest_Generation = YES;
				INFOPLIST_KEY_UIApplicationSupportsIndirectInputEvents = YES;
				INFOPLIST_KEY_UILaunchScreen_Generation = YES;
				INFOPLIST_KEY_UISupportedInterfaceOrientations_iPad = "UIInterfaceOrientationPortrait UIInterfaceOrientationPortraitUpsideDown UIInterfaceOrientationLandscapeLeft UIInterfaceOrientationLandscapeRight";
				INFOPLIST_KEY_UISupportedInterfaceOrientations_iPhone = "UIInterfaceOrientationPortrait UIInterfaceOrientationLandscapeLeft UIInterfaceOrientationLandscapeRight";
				LD_RUNPATH_SEARCH_PATHS = (
					"$(inherited)",
					"@executable_path/Frameworks",
				);
				MARKETING_VERSION = 1.0;
				PRODUCT_BUNDLE_IDENTIFIER = com.jingni.Practice;
				PRODUCT_NAME = "$(TARGET_NAME)";
				PROVISIONING_PROFILE_SPECIFIER = "";
				SWIFT_EMIT_LOC_STRINGS = YES;
				SWIFT_VERSION = 5.0;
				TARGETED_DEVICE_FAMILY = "1,2";
			};
			name = Debug;
		};
		56A5186329125D1C00CC0C3B /* Release */ = {
			isa = XCBuildConfiguration;
			buildSettings = {
				ASSETCATALOG_COMPILER_APPICON_NAME = AppIcon;
				ASSETCATALOG_COMPILER_GLOBAL_ACCENT_COLOR_NAME = AccentColor;
				CODE_SIGN_IDENTITY = "Apple Development";
				CODE_SIGN_STYLE = Automatic;
				CURRENT_PROJECT_VERSION = 1;
				DEVELOPMENT_ASSET_PATHS = "\"Practice/Preview Content\"";
				DEVELOPMENT_TEAM = V5QC4USNGH;
				ENABLE_PREVIEWS = YES;
				GENERATE_INFOPLIST_FILE = YES;
				INFOPLIST_KEY_UIApplicationSceneManifest_Generation = YES;
				INFOPLIST_KEY_UIApplicationSupportsIndirectInputEvents = YES;
				INFOPLIST_KEY_UILaunchScreen_Generation = YES;
				INFOPLIST_KEY_UISupportedInterfaceOrientations_iPad = "UIInterfaceOrientationPortrait UIInterfaceOrientationPortraitUpsideDown UIInterfaceOrientationLandscapeLeft UIInterfaceOrientationLandscapeRight";
				INFOPLIST_KEY_UISupportedInterfaceOrientations_iPhone = "UIInterfaceOrientationPortrait UIInterfaceOrientationLandscapeLeft UIInterfaceOrientationLandscapeRight";
				LD_RUNPATH_SEARCH_PATHS = (
					"$(inherited)",
					"@executable_path/Frameworks",
				);
				MARKETING_VERSION = 1.0;
				PRODUCT_BUNDLE_IDENTIFIER = com.jingni.Practice;
				PRODUCT_NAME = "$(TARGET_NAME)";
				PROVISIONING_PROFILE_SPECIFIER = "";
				SWIFT_EMIT_LOC_STRINGS = YES;
				SWIFT_VERSION = 5.0;
				TARGETED_DEVICE_FAMILY = "1,2";
			};
			name = Release;
		};
		56A5186529125D1C00CC0C3B /* Debug */ = {
			isa = XCBuildConfiguration;
			buildSettings = {
				ALWAYS_EMBED_SWIFT_STANDARD_LIBRARIES = YES;
				BUNDLE_LOADER = "$(TEST_HOST)";
				CODE_SIGN_STYLE = Automatic;
				CURRENT_PROJECT_VERSION = 1;
				DEVELOPMENT_TEAM = YRZW7MZ3P5;
				GENERATE_INFOPLIST_FILE = YES;
				IPHONEOS_DEPLOYMENT_TARGET = 16.0;
				MARKETING_VERSION = 1.0;
				PRODUCT_BUNDLE_IDENTIFIER = com.jingni.PracticeTests;
				PRODUCT_NAME = "$(TARGET_NAME)";
				SWIFT_EMIT_LOC_STRINGS = NO;
				SWIFT_VERSION = 5.0;
				TARGETED_DEVICE_FAMILY = "1,2";
				TEST_HOST = "$(BUILT_PRODUCTS_DIR)/Practice.app/$(BUNDLE_EXECUTABLE_FOLDER_PATH)/Practice";
			};
			name = Debug;
		};
		56A5186629125D1C00CC0C3B /* Release */ = {
			isa = XCBuildConfiguration;
			buildSettings = {
				ALWAYS_EMBED_SWIFT_STANDARD_LIBRARIES = YES;
				BUNDLE_LOADER = "$(TEST_HOST)";
				CODE_SIGN_STYLE = Automatic;
				CURRENT_PROJECT_VERSION = 1;
				DEVELOPMENT_TEAM = YRZW7MZ3P5;
				GENERATE_INFOPLIST_FILE = YES;
				IPHONEOS_DEPLOYMENT_TARGET = 16.0;
				MARKETING_VERSION = 1.0;
				PRODUCT_BUNDLE_IDENTIFIER = com.jingni.PracticeTests;
				PRODUCT_NAME = "$(TARGET_NAME)";
				SWIFT_EMIT_LOC_STRINGS = NO;
				SWIFT_VERSION = 5.0;
				TARGETED_DEVICE_FAMILY = "1,2";
				TEST_HOST = "$(BUILT_PRODUCTS_DIR)/Practice.app/$(BUNDLE_EXECUTABLE_FOLDER_PATH)/Practice";
			};
			name = Release;
		};
		56A5186829125D1C00CC0C3B /* Debug */ = {
			isa = XCBuildConfiguration;
			buildSettings = {
				ALWAYS_EMBED_SWIFT_STANDARD_LIBRARIES = YES;
				CODE_SIGN_STYLE = Automatic;
				CURRENT_PROJECT_VERSION = 1;
				DEVELOPMENT_TEAM = YRZW7MZ3P5;
				GENERATE_INFOPLIST_FILE = YES;
				MARKETING_VERSION = 1.0;
				PRODUCT_BUNDLE_IDENTIFIER = com.jingni.PracticeUITests;
				PRODUCT_NAME = "$(TARGET_NAME)";
				SWIFT_EMIT_LOC_STRINGS = NO;
				SWIFT_VERSION = 5.0;
				TARGETED_DEVICE_FAMILY = "1,2";
				TEST_TARGET_NAME = Practice;
			};
			name = Debug;
		};
		56A5186929125D1C00CC0C3B /* Release */ = {
			isa = XCBuildConfiguration;
			buildSettings = {
				ALWAYS_EMBED_SWIFT_STANDARD_LIBRARIES = YES;
				CODE_SIGN_STYLE = Automatic;
				CURRENT_PROJECT_VERSION = 1;
				DEVELOPMENT_TEAM = YRZW7MZ3P5;
				GENERATE_INFOPLIST_FILE = YES;
				MARKETING_VERSION = 1.0;
				PRODUCT_BUNDLE_IDENTIFIER = com.jingni.PracticeUITests;
				PRODUCT_NAME = "$(TARGET_NAME)";
				SWIFT_EMIT_LOC_STRINGS = NO;
				SWIFT_VERSION = 5.0;
				TARGETED_DEVICE_FAMILY = "1,2";
				TEST_TARGET_NAME = Practice;
			};
			name = Release;
		};
/* End XCBuildConfiguration section */

/* Begin XCConfigurationList section */
		56A5183829125D1A00CC0C3B /* Build configuration list for PBXProject "Practice" */ = {
			isa = XCConfigurationList;
			buildConfigurations = (
				56A5185F29125D1C00CC0C3B /* Debug */,
				56A5186029125D1C00CC0C3B /* Release */,
			);
			defaultConfigurationIsVisible = 0;
			defaultConfigurationName = Release;
		};
		56A5186129125D1C00CC0C3B /* Build configuration list for PBXNativeTarget "Practice" */ = {
			isa = XCConfigurationList;
			buildConfigurations = (
				56A5186229125D1C00CC0C3B /* Debug */,
				56A5186329125D1C00CC0C3B /* Release */,
			);
			defaultConfigurationIsVisible = 0;
			defaultConfigurationName = Release;
		};
		56A5186429125D1C00CC0C3B /* Build configuration list for PBXNativeTarget "PracticeTests" */ = {
			isa = XCConfigurationList;
			buildConfigurations = (
				56A5186529125D1C00CC0C3B /* Debug */,
				56A5186629125D1C00CC0C3B /* Release */,
			);
			defaultConfigurationIsVisible = 0;
			defaultConfigurationName = Release;
		};
		56A5186729125D1C00CC0C3B /* Build configuration list for PBXNativeTarget "PracticeUITests" */ = {
			isa = XCConfigurationList;
			buildConfigurations = (
				56A5186829125D1C00CC0C3B /* Debug */,
				56A5186929125D1C00CC0C3B /* Release */,
			);
			defaultConfigurationIsVisible = 0;
			defaultConfigurationName = Release;
		};
/* End XCConfigurationList section */
	};
	rootObject = 56A5183529125D1A00CC0C3B /* Project object */;
}
